
Microsoft Visual Studio Solution File, Format Version 12.00
# Visual Studio Version 16
VisualStudioVersion = 16.0.30225.117
MinimumVisualStudioVersion = 10.0.40219.1
Project("{FAE04EC0-301F-11D3-BF4B-00C04F79EFBC}") = " SpectreConsoleCliPlugins", "SpectreConsoleCliPlugins\SpectreConsoleCliPlugins.csproj", "{D1860C97-FF8C-4CF0-B1E9-6FE873A292A4}"
EndProject
Project("{FAE04EC0-301F-11D3-BF4B-00C04F79EFBC}") = "FooPlugin", "FooPlugin\FooPlugin.csproj", "{3BE7BAB3-DCB6-4F27-94C2-888833D38939}"
EndProject
Project("{FAE04EC0-301F-11D3-BF4B-00C04F79EFBC}") = "BarPlugin", "BarPlugin\BarPlugin.csproj", "{39E00251-56F3-4142-99C0-93E693EFE9E4}"
EndProject
Project("{FAE04EC0-301F-11D3-BF4B-00C04F79EFBC}") = " SpectreConsoleCliBase", "SpectreConsoleCliBase\SpectreConsoleCliBase.csproj", "{59244828-80CC-4A80-BDA4-FB10CB530D28}"
EndProject
Global
	GlobalSection(SolutionConfigurationPlatforms) = preSolution
		Debug|Any CPU = Debug|Any CPU
		Release|Any CPU = Release|Any CPU
	EndGlobalSection
	GlobalSection(ProjectConfigurationPlatforms) = postSolution
		{D1860C97-FF8C-4CF0-B1E9-6FE873A292A4}.Debug|Any CPU.ActiveCfg = Debug|Any CPU
		{D1860C97-FF8C-4CF0-B1E9-6FE873A292A4}.Debug|Any CPU.Build.0 = Debug|Any CPU
		{D1860C97-FF8C-4CF0-B1E9-6FE873A292A4}.Release|Any CPU.ActiveCfg = Release|Any CPU
		{D1860C97-FF8C-4CF0-B1E9-6FE873A292A4}.Release|Any CPU.Build.0 = Release|Any CPU
		{3BE7BAB3-DCB6-4F27-94C2-888833D38939}.Debug|Any CPU.ActiveCfg = Debug|Any CPU
		{3BE7BAB3-DCB6-4F27-94C2-888833D38939}.Debug|Any CPU.Build.0 = Debug|Any CPU
		{3BE7BAB3-DCB6-4F27-94C2-888833D38939}.Release|Any CPU.ActiveCfg = Release|Any CPU
		{3BE7BAB3-DCB6-4F27-94C2-888833D38939}.Release|Any CPU.Build.0 = Release|Any CPU
		{39E00251-56F3-4142-99C0-93E693EFE9E4}.Debug|Any CPU.ActiveCfg = Debug|Any CPU
		{39E00251-56F3-4142-99C0-93E693EFE9E4}.Debug|Any CPU.Build.0 = Debug|Any CPU
		{39E00251-56F3-4142-99C0-93E693EFE9E4}.Release|Any CPU.ActiveCfg = Release|Any CPU
		{39E00251-56F3-4142-99C0-93E693EFE9E4}.Release|Any CPU.Build.0 = Release|Any CPU
		{59244828-80CC-4A80-BDA4-FB10CB530D28}.Debug|Any CPU.ActiveCfg = Debug|Any CPU
		{59244828-80CC-4A80-BDA4-FB10CB530D28}.Debug|Any CPU.Build.0 = Debug|Any CPU
		{59244828-80CC-4A80-BDA4-FB10CB530D28}.Release|Any CPU.ActiveCfg = Release|Any CPU
		{59244828-80CC-4A80-BDA4-FB10CB530D28}.Release|Any CPU.Build.0 = Release|Any CPU
	EndGlobalSection
	GlobalSection(SolutionProperties) = preSolution
		HideSolutionNode = FALSE
	EndGlobalSection
	GlobalSection(ExtensibilityGlobals) = postSolution
		SolutionGuid = {CE4FC6EF-C73B-4374-9991-B95440DFBC84}
	EndGlobalSection
EndGlobal
